// !$*UTF8*$!
{
	archiveVersion = 1;
	classes = {
	};
	objectVersion = 50;
	objects = {

/* Begin PBXBuildFile section */
		9C6EE59C2443F29500642728 /* AppDelegate.swift in Sources */ = {isa = PBXBuildFile; fileRef = 9C6EE59B2443F29500642728 /* AppDelegate.swift */; };
		9C6EE59E2443F29500642728 /* SceneDelegate.swift in Sources */ = {isa = PBXBuildFile; fileRef = 9C6EE59D2443F29500642728 /* SceneDelegate.swift */; };
		9C6EE5A02443F29500642728 /* ContentView.swift in Sources */ = {isa = PBXBuildFile; fileRef = 9C6EE59F2443F29500642728 /* ContentView.swift */; };
		9C6EE5A22443F29800642728 /* Assets.xcassets in Resources */ = {isa = PBXBuildFile; fileRef = 9C6EE5A12443F29800642728 /* Assets.xcassets */; };
		9C6EE5A52443F29800642728 /* Preview Assets.xcassets in Resources */ = {isa = PBXBuildFile; fileRef = 9C6EE5A42443F29800642728 /* Preview Assets.xcassets */; };
		9C6EE5A82443F29800642728 /* LaunchScreen.storyboard in Resources */ = {isa = PBXBuildFile; fileRef = 9C6EE5A62443F29800642728 /* LaunchScreen.storyboard */; };
		9C6EE5B32443F29800642728 /* BsnXcerptsTests.swift in Sources */ = {isa = PBXBuildFile; fileRef = 9C6EE5B22443F29800642728 /* BsnXcerptsTests.swift */; };
		9C6EE5BE2443F29800642728 /* BsnXcerptsUITests.swift in Sources */ = {isa = PBXBuildFile; fileRef = 9C6EE5BD2443F29800642728 /* BsnXcerptsUITests.swift */; };
/* End PBXBuildFile section */

/* Begin PBXContainerItemProxy section */
		9C6EE5AF2443F29800642728 /* PBXContainerItemProxy */ = {
			isa = PBXContainerItemProxy;
			containerPortal = 9C6EE5902443F29500642728 /* Project object */;
			proxyType = 1;
			remoteGlobalIDString = 9C6EE5972443F29500642728;
			remoteInfo = BsnXcerpts;
		};
		9C6EE5BA2443F29800642728 /* PBXContainerItemProxy */ = {
			isa = PBXContainerItemProxy;
			containerPortal = 9C6EE5902443F29500642728 /* Project object */;
			proxyType = 1;
			remoteGlobalIDString = 9C6EE5972443F29500642728;
			remoteInfo = BsnXcerpts;
		};
/* End PBXContainerItemProxy section */

/* Begin PBXFileReference section */
		9C6EE5982443F29500642728 /* BsnXcerpts.app */ = {isa = PBXFileReference; explicitFileType = wrapper.application; includeInIndex = 0; path = BsnXcerpts.app; sourceTree = BUILT_PRODUCTS_DIR; };
		9C6EE59B2443F29500642728 /* AppDelegate.swift */ = {isa = PBXFileReference; lastKnownFileType = sourcecode.swift; path = AppDelegate.swift; sourceTree = "<group>"; };
		9C6EE59D2443F29500642728 /* SceneDelegate.swift */ = {isa = PBXFileReference; lastKnownFileType = sourcecode.swift; path = SceneDelegate.swift; sourceTree = "<group>"; };
		9C6EE59F2443F29500642728 /* ContentView.swift */ = {isa = PBXFileReference; lastKnownFileType = sourcecode.swift; path = ContentView.swift; sourceTree = "<group>"; };
		9C6EE5A12443F29800642728 /* Assets.xcassets */ = {isa = PBXFileReference; lastKnownFileType = folder.assetcatalog; path = Assets.xcassets; sourceTree = "<group>"; };
		9C6EE5A42443F29800642728 /* Preview Assets.xcassets */ = {isa = PBXFileReference; lastKnownFileType = folder.assetcatalog; path = "Preview Assets.xcassets"; sourceTree = "<group>"; };
		9C6EE5A72443F29800642728 /* Base */ = {isa = PBXFileReference; lastKnownFileType = file.storyboard; name = Base; path = Base.lproj/LaunchScreen.storyboard; sourceTree = "<group>"; };
		9C6EE5A92443F29800642728 /* Info.plist */ = {isa = PBXFileReference; lastKnownFileType = text.plist.xml; path = Info.plist; sourceTree = "<group>"; };
		9C6EE5AE2443F29800642728 /* BsnXcerptsTests.xctest */ = {isa = PBXFileReference; explicitFileType = wrapper.cfbundle; includeInIndex = 0; path = BsnXcerptsTests.xctest; sourceTree = BUILT_PRODUCTS_DIR; };
		9C6EE5B22443F29800642728 /* BsnXcerptsTests.swift */ = {isa = PBXFileReference; lastKnownFileType = sourcecode.swift; path = BsnXcerptsTests.swift; sourceTree = "<group>"; };
		9C6EE5B42443F29800642728 /* Info.plist */ = {isa = PBXFileReference; lastKnownFileType = text.plist.xml; path = Info.plist; sourceTree = "<group>"; };
		9C6EE5B92443F29800642728 /* BsnXcerptsUITests.xctest */ = {isa = PBXFileReference; explicitFileType = wrapper.cfbundle; includeInIndex = 0; path = BsnXcerptsUITests.xctest; sourceTree = BUILT_PRODUCTS_DIR; };
		9C6EE5BD2443F29800642728 /* BsnXcerptsUITests.swift */ = {isa = PBXFileReference; lastKnownFileType = sourcecode.swift; path = BsnXcerptsUITests.swift; sourceTree = "<group>"; };
		9C6EE5BF2443F29800642728 /* Info.plist */ = {isa = PBXFileReference; lastKnownFileType = text.plist.xml; path = Info.plist; sourceTree = "<group>"; };
/* End PBXFileReference section */

/* Begin PBXFrameworksBuildPhase section */
		9C6EE5952443F29500642728 /* Frameworks */ = {
			isa = PBXFrameworksBuildPhase;
			buildActionMask = 2147483647;
			files = (
			);
			runOnlyForDeploymentPostprocessing = 0;
		};
		9C6EE5AB2443F29800642728 /* Frameworks */ = {
			isa = PBXFrameworksBuildPhase;
			buildActionMask = 2147483647;
			files = (
			);
			runOnlyForDeploymentPostprocessing = 0;
		};
		9C6EE5B62443F29800642728 /* Frameworks */ = {
			isa = PBXFrameworksBuildPhase;
			buildActionMask = 2147483647;
			files = (
			);
			runOnlyForDeploymentPostprocessing = 0;
		};
/* End PBXFrameworksBuildPhase section */

/* Begin PBXGroup section */
		9C6EE58F2443F29500642728 = {
			isa = PBXGroup;
			children = (
				9C6EE59A2443F29500642728 /* BsnXcerpts */,
				9C6EE5B12443F29800642728 /* BsnXcerptsTests */,
				9C6EE5BC2443F29800642728 /* BsnXcerptsUITests */,
				9C6EE5992443F29500642728 /* Products */,
			);
			sourceTree = "<group>";
		};
		9C6EE5992443F29500642728 /* Products */ = {
			isa = PBXGroup;
			children = (
				9C6EE5982443F29500642728 /* BsnXcerpts.app */,
				9C6EE5AE2443F29800642728 /* BsnXcerptsTests.xctest */,
				9C6EE5B92443F29800642728 /* BsnXcerptsUITests.xctest */,
			);
			name = Products;
			sourceTree = "<group>";
		};
		9C6EE59A2443F29500642728 /* BsnXcerpts */ = {
			isa = PBXGroup;
			children = (
				9C6EE59B2443F29500642728 /* AppDelegate.swift */,
				9C6EE59D2443F29500642728 /* SceneDelegate.swift */,
				9C6EE59F2443F29500642728 /* ContentView.swift */,
				9C6EE5A12443F29800642728 /* Assets.xcassets */,
				9C6EE5A62443F29800642728 /* LaunchScreen.storyboard */,
				9C6EE5A92443F29800642728 /* Info.plist */,
				9C6EE5A32443F29800642728 /* Preview Content */,
			);
			path = BsnXcerpts;
			sourceTree = "<group>";
		};
		9C6EE5A32443F29800642728 /* Preview Content */ = {
			isa = PBXGroup;
			children = (
				9C6EE5A42443F29800642728 /* Preview Assets.xcassets */,
			);
			path = "Preview Content";
			sourceTree = "<group>";
		};
		9C6EE5B12443F29800642728 /* BsnXcerptsTests */ = {
			isa = PBXGroup;
			children = (
				9C6EE5B22443F29800642728 /* BsnXcerptsTests.swift */,
				9C6EE5B42443F29800642728 /* Info.plist */,
			);
			path = BsnXcerptsTests;
			sourceTree = "<group>";
		};
		9C6EE5BC2443F29800642728 /* BsnXcerptsUITests */ = {
			isa = PBXGroup;
			children = (
				9C6EE5BD2443F29800642728 /* BsnXcerptsUITests.swift */,
				9C6EE5BF2443F29800642728 /* Info.plist */,
			);
			path = BsnXcerptsUITests;
			sourceTree = "<group>";
		};
/* End PBXGroup section */

/* Begin PBXNativeTarget section */
		9C6EE5972443F29500642728 /* BsnXcerpts */ = {
			isa = PBXNativeTarget;
			buildConfigurationList = 9C6EE5C22443F29800642728 /* Build configuration list for PBXNativeTarget "BsnXcerpts" */;
			buildPhases = (
				9C6EE5942443F29500642728 /* Sources */,
				9C6EE5952443F29500642728 /* Frameworks */,
				9C6EE5962443F29500642728 /* Resources */,
			);
			buildRules = (
			);
			dependencies = (
			);
			name = BsnXcerpts;
			productName = BsnXcerpts;
			productReference = 9C6EE5982443F29500642728 /* BsnXcerpts.app */;
			productType = "com.apple.product-type.application";
		};
		9C6EE5AD2443F29800642728 /* BsnXcerptsTests */ = {
			isa = PBXNativeTarget;
			buildConfigurationList = 9C6EE5C52443F29800642728 /* Build configuration list for PBXNativeTarget "BsnXcerptsTests" */;
			buildPhases = (
				9C6EE5AA2443F29800642728 /* Sources */,
				9C6EE5AB2443F29800642728 /* Frameworks */,
				9C6EE5AC2443F29800642728 /* Resources */,
			);
			buildRules = (
			);
			dependencies = (
				9C6EE5B02443F29800642728 /* PBXTargetDependency */,
			);
			name = BsnXcerptsTests;
			productName = BsnXcerptsTests;
			productReference = 9C6EE5AE2443F29800642728 /* BsnXcerptsTests.xctest */;
			productType = "com.apple.product-type.bundle.unit-test";
		};
		9C6EE5B82443F29800642728 /* BsnXcerptsUITests */ = {
			isa = PBXNativeTarget;
			buildConfigurationList = 9C6EE5C82443F29800642728 /* Build configuration list for PBXNativeTarget "BsnXcerptsUITests" */;
			buildPhases = (
				9C6EE5B52443F29800642728 /* Sources */,
				9C6EE5B62443F29800642728 /* Frameworks */,
				9C6EE5B72443F29800642728 /* Resources */,
			);
			buildRules = (
			);
			dependencies = (
				9C6EE5BB2443F29800642728 /* PBXTargetDependency */,
			);
			name = BsnXcerptsUITests;
			productName = BsnXcerptsUITests;
			productReference = 9C6EE5B92443F29800642728 /* BsnXcerptsUITests.xctest */;
			productType = "com.apple.product-type.bundle.ui-testing";
		};
/* End PBXNativeTarget section */

/* Begin PBXProject section */
		9C6EE5902443F29500642728 /* Project object */ = {
			isa = PBXProject;
			attributes = {
				LastSwiftUpdateCheck = 1140;
				LastUpgradeCheck = 1140;
				ORGANIZATIONNAME = "Alex Burdiss";
				TargetAttributes = {
					9C6EE5972443F29500642728 = {
						CreatedOnToolsVersion = 11.4;
					};
					9C6EE5AD2443F29800642728 = {
						CreatedOnToolsVersion = 11.4;
						TestTargetID = 9C6EE5972443F29500642728;
					};
					9C6EE5B82443F29800642728 = {
						CreatedOnToolsVersion = 11.4;
						TestTargetID = 9C6EE5972443F29500642728;
					};
				};
			};
			buildConfigurationList = 9C6EE5932443F29500642728 /* Build configuration list for PBXProject "BsnXcerpts" */;
			compatibilityVersion = "Xcode 9.3";
			developmentRegion = en;
			hasScannedForEncodings = 0;
			knownRegions = (
				en,
				Base,
			);
			mainGroup = 9C6EE58F2443F29500642728;
			productRefGroup = 9C6EE5992443F29500642728 /* Products */;
			projectDirPath = "";
			projectRoot = "";
			targets = (
				9C6EE5972443F29500642728 /* BsnXcerpts */,
				9C6EE5AD2443F29800642728 /* BsnXcerptsTests */,
				9C6EE5B82443F29800642728 /* BsnXcerptsUITests */,
			);
		};
/* End PBXProject section */

/* Begin PBXResourcesBuildPhase section */
		9C6EE5962443F29500642728 /* Resources */ = {
			isa = PBXResourcesBuildPhase;
			buildActionMask = 2147483647;
			files = (
				9C6EE5A82443F29800642728 /* LaunchScreen.storyboard in Resources */,
				9C6EE5A52443F29800642728 /* Preview Assets.xcassets in Resources */,
				9C6EE5A22443F29800642728 /* Assets.xcassets in Resources */,
			);
			runOnlyForDeploymentPostprocessing = 0;
		};
		9C6EE5AC2443F29800642728 /* Resources */ = {
			isa = PBXResourcesBuildPhase;
			buildActionMask = 2147483647;
			files = (
			);
			runOnlyForDeploymentPostprocessing = 0;
		};
		9C6EE5B72443F29800642728 /* Resources */ = {
			isa = PBXResourcesBuildPhase;
			buildActionMask = 2147483647;
			files = (
			);
			runOnlyForDeploymentPostprocessing = 0;
		};
/* End PBXResourcesBuildPhase section */

/* Begin PBXSourcesBuildPhase section */
		9C6EE5942443F29500642728 /* Sources */ = {
			isa = PBXSourcesBuildPhase;
			buildActionMask = 2147483647;
			files = (
				9C6EE59C2443F29500642728 /* AppDelegate.swift in Sources */,
				9C6EE59E2443F29500642728 /* SceneDelegate.swift in Sources */,
				9C6EE5A02443F29500642728 /* ContentView.swift in Sources */,
			);
			runOnlyForDeploymentPostprocessing = 0;
		};
		9C6EE5AA2443F29800642728 /* Sources */ = {
			isa = PBXSourcesBuildPhase;
			buildActionMask = 2147483647;
			files = (
				9C6EE5B32443F29800642728 /* BsnXcerptsTests.swift in Sources */,
			);
			runOnlyForDeploymentPostprocessing = 0;
		};
		9C6EE5B52443F29800642728 /* Sources */ = {
			isa = PBXSourcesBuildPhase;
			buildActionMask = 2147483647;
			files = (
				9C6EE5BE2443F29800642728 /* BsnXcerptsUITests.swift in Sources */,
			);
			runOnlyForDeploymentPostprocessing = 0;
		};
/* End PBXSourcesBuildPhase section */

/* Begin PBXTargetDependency section */
		9C6EE5B02443F29800642728 /* PBXTargetDependency */ = {
			isa = PBXTargetDependency;
			target = 9C6EE5972443F29500642728 /* BsnXcerpts */;
			targetProxy = 9C6EE5AF2443F29800642728 /* PBXContainerItemProxy */;
		};
		9C6EE5BB2443F29800642728 /* PBXTargetDependency */ = {
			isa = PBXTargetDependency;
			target = 9C6EE5972443F29500642728 /* BsnXcerpts */;
			targetProxy = 9C6EE5BA2443F29800642728 /* PBXContainerItemProxy */;
		};
/* End PBXTargetDependency section */

/* Begin PBXVariantGroup section */
		9C6EE5A62443F29800642728 /* LaunchScreen.storyboard */ = {
			isa = PBXVariantGroup;
			children = (
				9C6EE5A72443F29800642728 /* Base */,
			);
			name = LaunchScreen.storyboard;
			sourceTree = "<group>";
		};
/* End PBXVariantGroup section */

/* Begin XCBuildConfiguration section */
		9C6EE5C02443F29800642728 /* Debug */ = {
			isa = XCBuildConfiguration;
			buildSettings = {
				ALWAYS_SEARCH_USER_PATHS = NO;
				CLANG_ANALYZER_NONNULL = YES;
				CLANG_ANALYZER_NUMBER_OBJECT_CONVERSION = YES_AGGRESSIVE;
				CLANG_CXX_LANGUAGE_STANDARD = "gnu++14";
				CLANG_CXX_LIBRARY = "libc++";
				CLANG_ENABLE_MODULES = YES;
				CLANG_ENABLE_OBJC_ARC = YES;
				CLANG_ENABLE_OBJC_WEAK = YES;
				CLANG_WARN_BLOCK_CAPTURE_AUTORELEASING = YES;
				CLANG_WARN_BOOL_CONVERSION = YES;
				CLANG_WARN_COMMA = YES;
				CLANG_WARN_CONSTANT_CONVERSION = YES;
				CLANG_WARN_DEPRECATED_OBJC_IMPLEMENTATIONS = YES;
				CLANG_WARN_DIRECT_OBJC_ISA_USAGE = YES_ERROR;
				CLANG_WARN_DOCUMENTATION_COMMENTS = YES;
				CLANG_WARN_EMPTY_BODY = YES;
				CLANG_WARN_ENUM_CONVERSION = YES;
				CLANG_WARN_INFINITE_RECURSION = YES;
				CLANG_WARN_INT_CONVERSION = YES;
				CLANG_WARN_NON_LITERAL_NULL_CONVERSION = YES;
				CLANG_WARN_OBJC_IMPLICIT_RETAIN_SELF = YES;
				CLANG_WARN_OBJC_LITERAL_CONVERSION = YES;
				CLANG_WARN_OBJC_ROOT_CLASS = YES_ERROR;
				CLANG_WARN_RANGE_LOOP_ANALYSIS = YES;
				CLANG_WARN_STRICT_PROTOTYPES = YES;
				CLANG_WARN_SUSPICIOUS_MOVE = YES;
				CLANG_WARN_UNGUARDED_AVAILABILITY = YES_AGGRESSIVE;
				CLANG_WARN_UNREACHABLE_CODE = YES;
				CLANG_WARN__DUPLICATE_METHOD_MATCH = YES;
				COPY_PHASE_STRIP = NO;
				DEBUG_INFORMATION_FORMAT = dwarf;
				ENABLE_STRICT_OBJC_MSGSEND = YES;
				ENABLE_TESTABILITY = YES;
				GCC_C_LANGUAGE_STANDARD = gnu11;
				GCC_DYNAMIC_NO_PIC = NO;
				GCC_NO_COMMON_BLOCKS = YES;
				GCC_OPTIMIZATION_LEVEL = 0;
				GCC_PREPROCESSOR_DEFINITIONS = (
					"DEBUG=1",
					"$(inherited)",
				);
				GCC_WARN_64_TO_32_BIT_CONVERSION = YES;
				GCC_WARN_ABOUT_RETURN_TYPE = YES_ERROR;
				GCC_WARN_UNDECLARED_SELECTOR = YES;
				GCC_WARN_UNINITIALIZED_AUTOS = YES_AGGRESSIVE;
				GCC_WARN_UNUSED_FUNCTION = YES;
				GCC_WARN_UNUSED_VARIABLE = YES;
				IPHONEOS_DEPLOYMENT_TARGET = 13.4;
				MTL_ENABLE_DEBUG_INFO = INCLUDE_SOURCE;
				MTL_FAST_MATH = YES;
				ONLY_ACTIVE_ARCH = YES;
				SDKROOT = iphoneos;
				SWIFT_ACTIVE_COMPILATION_CONDITIONS = DEBUG;
				SWIFT_OPTIMIZATION_LEVEL = "-Onone";
			};
			name = Debug;
		};
		9C6EE5C12443F29800642728 /* Release */ = {
			isa = XCBuildConfiguration;
			buildSettings = {
				ALWAYS_SEARCH_USER_PATHS = NO;
				CLANG_ANALYZER_NONNULL = YES;
				CLANG_ANALYZER_NUMBER_OBJECT_CONVERSION = YES_AGGRESSIVE;
				CLANG_CXX_LANGUAGE_STANDARD = "gnu++14";
				CLANG_CXX_LIBRARY = "libc++";
				CLANG_ENABLE_MODULES = YES;
				CLANG_ENABLE_OBJC_ARC = YES;
				CLANG_ENABLE_OBJC_WEAK = YES;
				CLANG_WARN_BLOCK_CAPTURE_AUTORELEASING = YES;
				CLANG_WARN_BOOL_CONVERSION = YES;
				CLANG_WARN_COMMA = YES;
				CLANG_WARN_CONSTANT_CONVERSION = YES;
				CLANG_WARN_DEPRECATED_OBJC_IMPLEMENTATIONS = YES;
				CLANG_WARN_DIRECT_OBJC_ISA_USAGE = YES_ERROR;
				CLANG_WARN_DOCUMENTATION_COMMENTS = YES;
				CLANG_WARN_EMPTY_BODY = YES;
				CLANG_WARN_ENUM_CONVERSION = YES;
				CLANG_WARN_INFINITE_RECURSION = YES;
				CLANG_WARN_INT_CONVERSION = YES;
				CLANG_WARN_NON_LITERAL_NULL_CONVERSION = YES;
				CLANG_WARN_OBJC_IMPLICIT_RETAIN_SELF = YES;
				CLANG_WARN_OBJC_LITERAL_CONVERSION = YES;
				CLANG_WARN_OBJC_ROOT_CLASS = YES_ERROR;
				CLANG_WARN_RANGE_LOOP_ANALYSIS = YES;
				CLANG_WARN_STRICT_PROTOTYPES = YES;
				CLANG_WARN_SUSPICIOUS_MOVE = YES;
				CLANG_WARN_UNGUARDED_AVAILABILITY = YES_AGGRESSIVE;
				CLANG_WARN_UNREACHABLE_CODE = YES;
				CLANG_WARN__DUPLICATE_METHOD_MATCH = YES;
				COPY_PHASE_STRIP = NO;
				DEBUG_INFORMATION_FORMAT = "dwarf-with-dsym";
				ENABLE_NS_ASSERTIONS = NO;
				ENABLE_STRICT_OBJC_MSGSEND = YES;
				GCC_C_LANGUAGE_STANDARD = gnu11;
				GCC_NO_COMMON_BLOCKS = YES;
				GCC_WARN_64_TO_32_BIT_CONVERSION = YES;
				GCC_WARN_ABOUT_RETURN_TYPE = YES_ERROR;
				GCC_WARN_UNDECLARED_SELECTOR = YES;
				GCC_WARN_UNINITIALIZED_AUTOS = YES_AGGRESSIVE;
				GCC_WARN_UNUSED_FUNCTION = YES;
				GCC_WARN_UNUSED_VARIABLE = YES;
				IPHONEOS_DEPLOYMENT_TARGET = 13.4;
				MTL_ENABLE_DEBUG_INFO = NO;
				MTL_FAST_MATH = YES;
				SDKROOT = iphoneos;
				SWIFT_COMPILATION_MODE = wholemodule;
				SWIFT_OPTIMIZATION_LEVEL = "-O";
				VALIDATE_PRODUCT = YES;
			};
			name = Release;
		};
		9C6EE5C32443F29800642728 /* Debug */ = {
			isa = XCBuildConfiguration;
			buildSettings = {
				ASSETCATALOG_COMPILER_APPICON_NAME = AppIcon;
				CODE_SIGN_STYLE = Automatic;
				DEVELOPMENT_ASSET_PATHS = "\"BsnXcerpts/Preview Content\"";
				DEVELOPMENT_TEAM = L4SN53B3F6;
				ENABLE_PREVIEWS = YES;
				INFOPLIST_FILE = BsnXcerpts/Info.plist;
				LD_RUNPATH_SEARCH_PATHS = (
					"$(inherited)",
					"@executable_path/Frameworks",
				);
				PRODUCT_BUNDLE_IDENTIFIER = com.AlexanderBurdiss.BsnXcerpts;
				PRODUCT_NAME = "$(TARGET_NAME)";
				SWIFT_VERSION = 5.0;
				TARGETED_DEVICE_FAMILY = "1,2";
			};
			name = Debug;
		};
		9C6EE5C42443F29800642728 /* Release */ = {
			isa = XCBuildConfiguration;
			buildSettings = {
				ASSETCATALOG_COMPILER_APPICON_NAME = AppIcon;
				CODE_SIGN_STYLE = Automatic;
				DEVELOPMENT_ASSET_PATHS = "\"BsnXcerpts/Preview Content\"";
				DEVELOPMENT_TEAM = L4SN53B3F6;
				ENABLE_PREVIEWS = YES;
				INFOPLIST_FILE = BsnXcerpts/Info.plist;
				LD_RUNPATH_SEARCH_PATHS = (
					"$(inherited)",
					"@executable_path/Frameworks",
				);
				PRODUCT_BUNDLE_IDENTIFIER = com.AlexanderBurdiss.BsnXcerpts;
				PRODUCT_NAME = "$(TARGET_NAME)";
				SWIFT_VERSION = 5.0;
				TARGETED_DEVICE_FAMILY = "1,2";
			};
			name = Release;
		};
		9C6EE5C62443F29800642728 /* Debug */ = {
			isa = XCBuildConfiguration;
			buildSettings = {
				ALWAYS_EMBED_SWIFT_STANDARD_LIBRARIES = YES;
				BUNDLE_LOADER = "$(TEST_HOST)";
				CODE_SIGN_STYLE = Automatic;
				DEVELOPMENT_TEAM = L4SN53B3F6;
				INFOPLIST_FILE = BsnXcerptsTests/Info.plist;
				IPHONEOS_DEPLOYMENT_TARGET = 13.4;
				LD_RUNPATH_SEARCH_PATHS = (
					"$(inherited)",
					"@executable_path/Frameworks",
					"@loader_path/Frameworks",
				);
				PRODUCT_BUNDLE_IDENTIFIER = com.AlexanderBurdiss.BsnXcerptsTests;
				PRODUCT_NAME = "$(TARGET_NAME)";
				SWIFT_VERSION = 5.0;
				TARGETED_DEVICE_FAMILY = "1,2";
				TEST_HOST = "$(BUILT_PRODUCTS_DIR)/BsnXcerpts.app/BsnXcerpts";
			};
			name = Debug;
		};
		9C6EE5C72443F29800642728 /* Release */ = {
			isa = XCBuildConfiguration;
			buildSettings = {
				ALWAYS_EMBED_SWIFT_STANDARD_LIBRARIES = YES;
				BUNDLE_LOADER = "$(TEST_HOST)";
				CODE_SIGN_STYLE = Automatic;
				DEVELOPMENT_TEAM = L4SN53B3F6;
				INFOPLIST_FILE = BsnXcerptsTests/Info.plist;
				IPHONEOS_DEPLOYMENT_TARGET = 13.4;
				LD_RUNPATH_SEARCH_PATHS = (
					"$(inherited)",
					"@executable_path/Frameworks",
					"@loader_path/Frameworks",
				);
				PRODUCT_BUNDLE_IDENTIFIER = com.AlexanderBurdiss.BsnXcerptsTests;
				PRODUCT_NAME = "$(TARGET_NAME)";
				SWIFT_VERSION = 5.0;
				TARGETED_DEVICE_FAMILY = "1,2";
				TEST_HOST = "$(BUILT_PRODUCTS_DIR)/BsnXcerpts.app/BsnXcerpts";
			};
			name = Release;
		};
		9C6EE5C92443F29800642728 /* Debug */ = {
			isa = XCBuildConfiguration;
			buildSettings = {
				ALWAYS_EMBED_SWIFT_STANDARD_LIBRARIES = YES;
				CODE_SIGN_STYLE = Automatic;
				DEVELOPMENT_TEAM = L4SN53B3F6;
				INFOPLIST_FILE = BsnXcerptsUITests/Info.plist;
				LD_RUNPATH_SEARCH_PATHS = (
					"$(inherited)",
					"@executable_path/Frameworks",
					"@loader_path/Frameworks",
				);
				PRODUCT_BUNDLE_IDENTIFIER = com.AlexanderBurdiss.BsnXcerptsUITests;
				PRODUCT_NAME = "$(TARGET_NAME)";
				SWIFT_VERSION = 5.0;
				TARGETED_DEVICE_FAMILY = "1,2";
				TEST_TARGET_NAME = BsnXcerpts;
			};
			name = Debug;
		};
		9C6EE5CA2443F29800642728 /* Release */ = {
			isa = XCBuildConfiguration;
			buildSettings = {
				ALWAYS_EMBED_SWIFT_STANDARD_LIBRARIES = YES;
				CODE_SIGN_STYLE = Automatic;
				DEVELOPMENT_TEAM = L4SN53B3F6;
				INFOPLIST_FILE = BsnXcerptsUITests/Info.plist;
				LD_RUNPATH_SEARCH_PATHS = (
					"$(inherited)",
					"@executable_path/Frameworks",
					"@loader_path/Frameworks",
				);
				PRODUCT_BUNDLE_IDENTIFIER = com.AlexanderBurdiss.BsnXcerptsUITests;
				PRODUCT_NAME = "$(TARGET_NAME)";
				SWIFT_VERSION = 5.0;
				TARGETED_DEVICE_FAMILY = "1,2";
				TEST_TARGET_NAME = BsnXcerpts;
			};
			name = Release;
		};
/* End XCBuildConfiguration section */

/* Begin XCConfigurationList section */
		9C6EE5932443F29500642728 /* Build configuration list for PBXProject "BsnXcerpts" */ = {
			isa = XCConfigurationList;
			buildConfigurations = (
				9C6EE5C02443F29800642728 /* Debug */,
				9C6EE5C12443F29800642728 /* Release */,
			);
			defaultConfigurationIsVisible = 0;
			defaultConfigurationName = Release;
		};
		9C6EE5C22443F29800642728 /* Build configuration list for PBXNativeTarget "BsnXcerpts" */ = {
			isa = XCConfigurationList;
			buildConfigurations = (
				9C6EE5C32443F29800642728 /* Debug */,
				9C6EE5C42443F29800642728 /* Release */,
			);
			defaultConfigurationIsVisible = 0;
			defaultConfigurationName = Release;
		};
		9C6EE5C52443F29800642728 /* Build configuration list for PBXNativeTarget "BsnXcerptsTests" */ = {
			isa = XCConfigurationList;
			buildConfigurations = (
				9C6EE5C62443F29800642728 /* Debug */,
				9C6EE5C72443F29800642728 /* Release */,
			);
			defaultConfigurationIsVisible = 0;
			defaultConfigurationName = Release;
		};
		9C6EE5C82443F29800642728 /* Build configuration list for PBXNativeTarget "BsnXcerptsUITests" */ = {
			isa = XCConfigurationList;
			buildConfigurations = (
				9C6EE5C92443F29800642728 /* Debug */,
				9C6EE5CA2443F29800642728 /* Release */,
			);
			defaultConfigurationIsVisible = 0;
			defaultConfigurationName = Release;
		};
/* End XCConfigurationList section */
	};
	rootObject = 9C6EE5902443F29500642728 /* Project object */;
}
